
Microsoft Visual Studio Solution File, Format Version 12.00
# Visual Studio Version 16
VisualStudioVersion = 16.0.31605.320
MinimumVisualStudioVersion = 10.0.40219.1
Project("{FAE04EC0-301F-11D3-BF4B-00C04F79EFBC}") = "NotesWebAPI", "NotesWebAPI.csproj", "{2C2D9893-E727-4183-B334-4D5330A40C55}"
EndProject
Project("{FAE04EC0-301F-11D3-BF4B-00C04F79EFBC}") = "Notes.DB", "..\Notes.DB\Notes.DB.csproj", "{AD31992F-817A-4555-9C51-312C2B02F230}"
EndProject
Project("{FAE04EC0-301F-11D3-BF4B-00C04F79EFBC}") = "Notes.Core", "..\Notes.Core\Notes.Core.csproj", "{CCDA0A4A-8940-48FD-BF40-79124718F0AB}"
EndProject
Global
	GlobalSection(SolutionConfigurationPlatforms) = preSolution
		Debug|Any CPU = Debug|Any CPU
		Release|Any CPU = Release|Any CPU
	EndGlobalSection
	GlobalSection(ProjectConfigurationPlatforms) = postSolution
		{2C2D9893-E727-4183-B334-4D5330A40C55}.Debug|Any CPU.ActiveCfg = Debug|Any CPU
		{2C2D9893-E727-4183-B334-4D5330A40C55}.Debug|Any CPU.Build.0 = Debug|Any CPU
		{2C2D9893-E727-4183-B334-4D5330A40C55}.Release|Any CPU.ActiveCfg = Release|Any CPU
		{2C2D9893-E727-4183-B334-4D5330A40C55}.Release|Any CPU.Build.0 = Release|Any CPU
		{AD31992F-817A-4555-9C51-312C2B02F230}.Debug|Any CPU.ActiveCfg = Debug|Any CPU
		{AD31992F-817A-4555-9C51-312C2B02F230}.Debug|Any CPU.Build.0 = Debug|Any CPU
		{AD31992F-817A-4555-9C51-312C2B02F230}.Release|Any CPU.ActiveCfg = Release|Any CPU
		{AD31992F-817A-4555-9C51-312C2B02F230}.Release|Any CPU.Build.0 = Release|Any CPU
		{CCDA0A4A-8940-48FD-BF40-79124718F0AB}.Debug|Any CPU.ActiveCfg = Debug|Any CPU
		{CCDA0A4A-8940-48FD-BF40-79124718F0AB}.Debug|Any CPU.Build.0 = Debug|Any CPU
		{CCDA0A4A-8940-48FD-BF40-79124718F0AB}.Release|Any CPU.ActiveCfg = Release|Any CPU
		{CCDA0A4A-8940-48FD-BF40-79124718F0AB}.Release|Any CPU.Build.0 = Release|Any CPU
	EndGlobalSection
	GlobalSection(SolutionProperties) = preSolution
		HideSolutionNode = FALSE
	EndGlobalSection
	GlobalSection(ExtensibilityGlobals) = postSolution
		SolutionGuid = {5B87A113-10F5-47EE-A042-175662CD2B60}
	EndGlobalSection
EndGlobal
